
Microsoft Visual Studio Solution File, Format Version 12.00
# Visual Studio Version 17
VisualStudioVersion = 17.0.31903.59
MinimumVisualStudioVersion = 10.0.40219.1
Project("{9A19103F-16F7-4668-BE54-9A1E7A4F7556}") = "GraphTutorial", "GraphTutorial\GraphTutorial.csproj", "{10B297DC-4672-4908-94C5-EAADD1B55650}"
EndProject
Project("{9A19103F-16F7-4668-BE54-9A1E7A4F7556}") = "POC", "POC\POC.csproj", "{D0C90BA7-6173-4A2E-9468-9E7642AD5954}"
EndProject
Project("{9A19103F-16F7-4668-BE54-9A1E7A4F7556}") = "TestApi", "TestApi\TestApi.csproj", "{81CF972E-8702-49AC-A5B9-385779C8DEF5}"
EndProject
Project("{9A19103F-16F7-4668-BE54-9A1E7A4F7556}") = "ConsoleApp1", "ConsoleApp1\ConsoleApp1.csproj", "{0CAF5B87-A0AE-48B3-A9A3-E910E4B71572}"
EndProject
Project("{2150E333-8FDC-42A3-9474-1A3956D46DE8}") = "src", "src", "{F5497DDC-5745-4A81-BA1A-15333EFC6985}"
EndProject
Project("{9A19103F-16F7-4668-BE54-9A1E7A4F7556}") = "Sample", "Sample\Sample.csproj", "{F36FE14D-67B7-4B07-B6B4-F4310F314EB6}"
EndProject
Project("{9A19103F-16F7-4668-BE54-9A1E7A4F7556}") = "HubMock", "HubMock\HubMock.csproj", "{2374A1F3-92FC-47DD-99AD-03A27847DB77}"
EndProject
Project("{FAE04EC0-301F-11D3-BF4B-00C04F79EFBC}") = "DelegateLearning", "DelegateLearning\DelegateLearning.csproj", "{CEFE0673-84BF-4A6A-BD31-284043C9944F}"
EndProject
Project("{2150E333-8FDC-42A3-9474-1A3956D46DE8}") = "NewFolder1", "NewFolder1", "{42A11117-AE85-42C6-AD29-775AC4343915}"
EndProject
Project("{FAE04EC0-301F-11D3-BF4B-00C04F79EFBC}") = "Delegate2", "Delegate2\Delegate2.csproj", "{C350296B-4E53-4D84-AC2E-292A69A17E6D}"
EndProject
Global
	GlobalSection(SolutionConfigurationPlatforms) = preSolution
		Debug|Any CPU = Debug|Any CPU
		Release|Any CPU = Release|Any CPU
	EndGlobalSection
	GlobalSection(ProjectConfigurationPlatforms) = postSolution
		{10B297DC-4672-4908-94C5-EAADD1B55650}.Debug|Any CPU.ActiveCfg = Debug|Any CPU
		{10B297DC-4672-4908-94C5-EAADD1B55650}.Debug|Any CPU.Build.0 = Debug|Any CPU
		{10B297DC-4672-4908-94C5-EAADD1B55650}.Release|Any CPU.ActiveCfg = Release|Any CPU
		{10B297DC-4672-4908-94C5-EAADD1B55650}.Release|Any CPU.Build.0 = Release|Any CPU
		{D0C90BA7-6173-4A2E-9468-9E7642AD5954}.Debug|Any CPU.ActiveCfg = Debug|Any CPU
		{D0C90BA7-6173-4A2E-9468-9E7642AD5954}.Debug|Any CPU.Build.0 = Debug|Any CPU
		{D0C90BA7-6173-4A2E-9468-9E7642AD5954}.Release|Any CPU.ActiveCfg = Release|Any CPU
		{D0C90BA7-6173-4A2E-9468-9E7642AD5954}.Release|Any CPU.Build.0 = Release|Any CPU
		{81CF972E-8702-49AC-A5B9-385779C8DEF5}.Debug|Any CPU.ActiveCfg = Debug|Any CPU
		{81CF972E-8702-49AC-A5B9-385779C8DEF5}.Debug|Any CPU.Build.0 = Debug|Any CPU
		{81CF972E-8702-49AC-A5B9-385779C8DEF5}.Release|Any CPU.ActiveCfg = Release|Any CPU
		{81CF972E-8702-49AC-A5B9-385779C8DEF5}.Release|Any CPU.Build.0 = Release|Any CPU
		{0CAF5B87-A0AE-48B3-A9A3-E910E4B71572}.Debug|Any CPU.ActiveCfg = Debug|Any CPU
		{0CAF5B87-A0AE-48B3-A9A3-E910E4B71572}.Debug|Any CPU.Build.0 = Debug|Any CPU
		{0CAF5B87-A0AE-48B3-A9A3-E910E4B71572}.Release|Any CPU.ActiveCfg = Release|Any CPU
		{0CAF5B87-A0AE-48B3-A9A3-E910E4B71572}.Release|Any CPU.Build.0 = Release|Any CPU
		{F36FE14D-67B7-4B07-B6B4-F4310F314EB6}.Debug|Any CPU.ActiveCfg = Debug|Any CPU
		{F36FE14D-67B7-4B07-B6B4-F4310F314EB6}.Debug|Any CPU.Build.0 = Debug|Any CPU
		{F36FE14D-67B7-4B07-B6B4-F4310F314EB6}.Release|Any CPU.ActiveCfg = Release|Any CPU
		{F36FE14D-67B7-4B07-B6B4-F4310F314EB6}.Release|Any CPU.Build.0 = Release|Any CPU
		{2374A1F3-92FC-47DD-99AD-03A27847DB77}.Debug|Any CPU.ActiveCfg = Debug|Any CPU
		{2374A1F3-92FC-47DD-99AD-03A27847DB77}.Debug|Any CPU.Build.0 = Debug|Any CPU
		{2374A1F3-92FC-47DD-99AD-03A27847DB77}.Release|Any CPU.ActiveCfg = Release|Any CPU
		{2374A1F3-92FC-47DD-99AD-03A27847DB77}.Release|Any CPU.Build.0 = Release|Any CPU
		{CEFE0673-84BF-4A6A-BD31-284043C9944F}.Debug|Any CPU.ActiveCfg = Debug|Any CPU
		{CEFE0673-84BF-4A6A-BD31-284043C9944F}.Debug|Any CPU.Build.0 = Debug|Any CPU
		{CEFE0673-84BF-4A6A-BD31-284043C9944F}.Release|Any CPU.ActiveCfg = Release|Any CPU
		{CEFE0673-84BF-4A6A-BD31-284043C9944F}.Release|Any CPU.Build.0 = Release|Any CPU
		{C350296B-4E53-4D84-AC2E-292A69A17E6D}.Debug|Any CPU.ActiveCfg = Debug|Any CPU
		{C350296B-4E53-4D84-AC2E-292A69A17E6D}.Debug|Any CPU.Build.0 = Debug|Any CPU
		{C350296B-4E53-4D84-AC2E-292A69A17E6D}.Release|Any CPU.ActiveCfg = Release|Any CPU
		{C350296B-4E53-4D84-AC2E-292A69A17E6D}.Release|Any CPU.Build.0 = Release|Any CPU
	EndGlobalSection
	GlobalSection(SolutionProperties) = preSolution
		HideSolutionNode = FALSE
	EndGlobalSection
	GlobalSection(NestedProjects) = preSolution
		{F36FE14D-67B7-4B07-B6B4-F4310F314EB6} = {F5497DDC-5745-4A81-BA1A-15333EFC6985}
		{2374A1F3-92FC-47DD-99AD-03A27847DB77} = {F5497DDC-5745-4A81-BA1A-15333EFC6985}
		{CEFE0673-84BF-4A6A-BD31-284043C9944F} = {F5497DDC-5745-4A81-BA1A-15333EFC6985}
		{42A11117-AE85-42C6-AD29-775AC4343915} = {F5497DDC-5745-4A81-BA1A-15333EFC6985}
	EndGlobalSection
	GlobalSection(ExtensibilityGlobals) = postSolution
		SolutionGuid = {6A49FD41-AEC0-4EAA-9752-46AE6E9001F3}
	EndGlobalSection
EndGlobal
